
Microsoft Visual Studio Solution File, Format Version 12.00
# Visual Studio 15
VisualStudioVersion = 15.0.28307.705
MinimumVisualStudioVersion = 10.0.40219.1
Project("{FAE04EC0-301F-11D3-BF4B-00C04F79EFBC}") = "AlbanianXrm.EarlyBound", "AlbanianXrm.EarlyBound\AlbanianXrm.EarlyBound.csproj", "{E047E333-0237-4FD9-B80A-1757D706630F}"
EndProject
Project("{FAE04EC0-301F-11D3-BF4B-00C04F79EFBC}") = "AlbanianXrm.CrmSvcUtilExtensions", "AlbanianXrm.CrmSvcUtilExtensions\AlbanianXrm.CrmSvcUtilExtensions.csproj", "{F3EFCBF0-762E-493D-99EA-F7D2C56DD30B}"
EndProject
Project("{2150E333-8FDC-42A3-9474-1A3956D46DE8}") = "Solution Items", "Solution Items", "{CD5FC625-EBE4-424A-9770-7E20A998FC55}"
	ProjectSection(SolutionItems) = preProject
		azure-pipelines.yml = azure-pipelines.yml
		Logo_32x32.png = Logo_32x32.png
	EndProjectSection
EndProject
Project("{FAE04EC0-301F-11D3-BF4B-00C04F79EFBC}") = "AlbanianXrm.CrmSvcUtilExtensions.Tests", "AlbanianXrm.CrmSvcUtilExtensions.Tests\AlbanianXrm.CrmSvcUtilExtensions.Tests.csproj", "{4F4F88C3-EBF3-446D-B4EC-3BEEC7C8CC4C}"
EndProject
Project("{FAE04EC0-301F-11D3-BF4B-00C04F79EFBC}") = "AlbanianXrm.EarlyBound.Tests", "AlbanianXrm.EarlyBound.Tests\AlbanianXrm.EarlyBound.Tests.csproj", "{E499D864-F617-4C04-8BE7-DF7A93EC11FC}"
EndProject
Global
	GlobalSection(SolutionConfigurationPlatforms) = preSolution
		Azure Pipelines|Any CPU = Azure Pipelines|Any CPU
		Debug|Any CPU = Debug|Any CPU
		Release|Any CPU = Release|Any CPU
	EndGlobalSection
	GlobalSection(ProjectConfigurationPlatforms) = postSolution
		{E047E333-0237-4FD9-B80A-1757D706630F}.Azure Pipelines|Any CPU.ActiveCfg = Azure Pipelines|Any CPU
		{E047E333-0237-4FD9-B80A-1757D706630F}.Azure Pipelines|Any CPU.Build.0 = Azure Pipelines|Any CPU
		{E047E333-0237-4FD9-B80A-1757D706630F}.Debug|Any CPU.ActiveCfg = Debug|Any CPU
		{E047E333-0237-4FD9-B80A-1757D706630F}.Debug|Any CPU.Build.0 = Debug|Any CPU
		{E047E333-0237-4FD9-B80A-1757D706630F}.Release|Any CPU.ActiveCfg = Release|Any CPU
		{E047E333-0237-4FD9-B80A-1757D706630F}.Release|Any CPU.Build.0 = Release|Any CPU
		{F3EFCBF0-762E-493D-99EA-F7D2C56DD30B}.Azure Pipelines|Any CPU.ActiveCfg = Azure Pipelines|Any CPU
		{F3EFCBF0-762E-493D-99EA-F7D2C56DD30B}.Azure Pipelines|Any CPU.Build.0 = Azure Pipelines|Any CPU
		{F3EFCBF0-762E-493D-99EA-F7D2C56DD30B}.Debug|Any CPU.ActiveCfg = Debug|Any CPU
		{F3EFCBF0-762E-493D-99EA-F7D2C56DD30B}.Debug|Any CPU.Build.0 = Debug|Any CPU
		{F3EFCBF0-762E-493D-99EA-F7D2C56DD30B}.Release|Any CPU.ActiveCfg = Release|Any CPU
		{F3EFCBF0-762E-493D-99EA-F7D2C56DD30B}.Release|Any CPU.Build.0 = Release|Any CPU
		{4F4F88C3-EBF3-446D-B4EC-3BEEC7C8CC4C}.Azure Pipelines|Any CPU.ActiveCfg = Azure Pipelines|Any CPU
		{4F4F88C3-EBF3-446D-B4EC-3BEEC7C8CC4C}.Azure Pipelines|Any CPU.Build.0 = Azure Pipelines|Any CPU
		{4F4F88C3-EBF3-446D-B4EC-3BEEC7C8CC4C}.Debug|Any CPU.ActiveCfg = Debug|Any CPU
		{4F4F88C3-EBF3-446D-B4EC-3BEEC7C8CC4C}.Debug|Any CPU.Build.0 = Debug|Any CPU
		{4F4F88C3-EBF3-446D-B4EC-3BEEC7C8CC4C}.Release|Any CPU.ActiveCfg = Release|Any CPU
		{4F4F88C3-EBF3-446D-B4EC-3BEEC7C8CC4C}.Release|Any CPU.Build.0 = Release|Any CPU
		{E499D864-F617-4C04-8BE7-DF7A93EC11FC}.Azure Pipelines|Any CPU.ActiveCfg = Release|Any CPU
		{E499D864-F617-4C04-8BE7-DF7A93EC11FC}.Azure Pipelines|Any CPU.Build.0 = Release|Any CPU
		{E499D864-F617-4C04-8BE7-DF7A93EC11FC}.Debug|Any CPU.ActiveCfg = Debug|Any CPU
		{E499D864-F617-4C04-8BE7-DF7A93EC11FC}.Debug|Any CPU.Build.0 = Debug|Any CPU
		{E499D864-F617-4C04-8BE7-DF7A93EC11FC}.Release|Any CPU.ActiveCfg = Release|Any CPU
		{E499D864-F617-4C04-8BE7-DF7A93EC11FC}.Release|Any CPU.Build.0 = Release|Any CPU
	EndGlobalSection
	GlobalSection(SolutionProperties) = preSolution
		HideSolutionNode = FALSE
	EndGlobalSection
	GlobalSection(ExtensibilityGlobals) = postSolution
		SolutionGuid = {0C7AFA91-C6E5-4A8D-B256-0B0F008F3951}
	EndGlobalSection
EndGlobal
